
Microsoft Visual Studio Solution File, Format Version 12.00
# Visual Studio Version 16
VisualStudioVersion = 16.0.30011.22
MinimumVisualStudioVersion = 10.0.40219.1
Project("{FAE04EC0-301F-11D3-BF4B-00C04F79EFBC}") = "BudgetLab", "BudgetLab\BudgetLab.csproj", "{AD9B5721-7B6A-4879-80E8-322699D95AD3}"
EndProject
Global
	GlobalSection(SolutionConfigurationPlatforms) = preSolution
		Debug|Any CPU = Debug|Any CPU
		Release|Any CPU = Release|Any CPU
	EndGlobalSection
	GlobalSection(ProjectConfigurationPlatforms) = postSolution
		{AD9B5721-7B6A-4879-80E8-322699D95AD3}.Debug|Any CPU.ActiveCfg = Debug|Any CPU
		{AD9B5721-7B6A-4879-80E8-322699D95AD3}.Debug|Any CPU.Build.0 = Debug|Any CPU
		{AD9B5721-7B6A-4879-80E8-322699D95AD3}.Release|Any CPU.ActiveCfg = Release|Any CPU
		{AD9B5721-7B6A-4879-80E8-322699D95AD3}.Release|Any CPU.Build.0 = Release|Any CPU
	EndGlobalSection
	GlobalSection(SolutionProperties) = preSolution
		HideSolutionNode = FALSE
	EndGlobalSection
	GlobalSection(ExtensibilityGlobals) = postSolution
		SolutionGuid = {E1D397F5-F689-439D-9308-1B8B25346413}
	EndGlobalSection
EndGlobal
